
Microsoft Visual Studio Solution File, Format Version 12.00
# Visual Studio 15
VisualStudioVersion = 15.0.26430.15
MinimumVisualStudioVersion = 10.0.40219.1
Project("{FAE04EC0-301F-11D3-BF4B-00C04F79EFBC}") = "HelloTizenCI", "HelloTizenCI\HelloTizenCI\HelloTizenCI.csproj", "{B59A21AD-9DEA-4B68-A7B1-08F2C6398768}"
EndProject
Project("{FAE04EC0-301F-11D3-BF4B-00C04F79EFBC}") = "HelloTizenCI.TizenMobile", "HelloTizenCI\HelloTizenCI.TizenMobile\HelloTizenCI.TizenMobile.csproj", "{9931A260-9BA8-442D-A584-9252A71FE797}"
EndProject
Global
	GlobalSection(SolutionConfigurationPlatforms) = preSolution
		Debug|Any CPU = Debug|Any CPU
		Release|Any CPU = Release|Any CPU
	EndGlobalSection
	GlobalSection(ProjectConfigurationPlatforms) = postSolution
		{B59A21AD-9DEA-4B68-A7B1-08F2C6398768}.Debug|Any CPU.ActiveCfg = Debug|Any CPU
		{B59A21AD-9DEA-4B68-A7B1-08F2C6398768}.Debug|Any CPU.Build.0 = Debug|Any CPU
		{B59A21AD-9DEA-4B68-A7B1-08F2C6398768}.Release|Any CPU.ActiveCfg = Release|Any CPU
		{B59A21AD-9DEA-4B68-A7B1-08F2C6398768}.Release|Any CPU.Build.0 = Release|Any CPU
		{9931A260-9BA8-442D-A584-9252A71FE797}.Debug|Any CPU.ActiveCfg = Debug|Any CPU
		{9931A260-9BA8-442D-A584-9252A71FE797}.Debug|Any CPU.Build.0 = Debug|Any CPU
		{9931A260-9BA8-442D-A584-9252A71FE797}.Release|Any CPU.ActiveCfg = Release|Any CPU
		{9931A260-9BA8-442D-A584-9252A71FE797}.Release|Any CPU.Build.0 = Release|Any CPU
	EndGlobalSection
	GlobalSection(SolutionProperties) = preSolution
		HideSolutionNode = FALSE
	EndGlobalSection
EndGlobal
